{
  "nodes": {
    "claude-desktop": {
      "inputs": {
        "nixpkgs": "nixpkgs"
      },
      "locked": {
        "lastModified": 1790632875,
        "narHash": "sha256-ovY0ssXI4mfcLMa/bS5azndpke3qa0QOOxJgmj7sAXw=",
        "owner": "poeck",
        "repo": "claude-desktop-nix-flake",
        "rev": "55ba585546fe222bf18f391a98c1ee60f79684d2",
        "type": "github"
      },
      "original": {
        "owner": "poeck",
        "repo": "claude-desktop-nix-flake",
        "type": "github"
      }
    },
    "codex-desktop-linux": {
      "inputs": {
        "flake-utils": "flake-utils",
        "nixpkgs": "nixpkgs_2"
      },
      "locked": {
        "lastModified": 1791068648,
        "narHash": "sha256-i6SCVyDBab1nfHc/RPlavQhRef/cBuNYUWkXAXnD5fA=",
        "owner": "ilysenko",
        "repo": "codex-desktop-linux",
        "rev": "fcd9db92ac3d2665006a67bf6868775781d83e1e",
        "type": "github"
      },
      "original": {
        "owner": "ilysenko",
        "repo": "codex-desktop-linux",
        "type": "github"
      }
    },
    "flake-utils": {
      "inputs": {
        "systems": "systems"
      },
      "locked": {
        "lastModified": 1731533236,
        "narHash": "sha256-l0KFg5HjrsfsO/JpG+r7fRrqm12kzFHyUHqHCVpMMbI=",
        "owner": "numtide",
        "repo": "flake-utils",
        "rev": "11707dc2f618dd54ca8739b309ec4fc024de578b",
        "type": "github"
      },
      "original": {
        "owner": "numtide",
        "repo": "flake-utils",
        "type": "github"
      }
    },
    "hnc2020": {
      "inputs": {
        "nixpkgs": "nixpkgs_3",
        "nixpkgs-legacy": "nixpkgs-legacy"
      },
      "locked": {
        "lastModified": 1791510642,
        "narHash": "sha256-zgaJRn1+Qiw6fxxfTo4Ah20O+Ex1QS9fAiBL7VvC2FI=",
        "ref": "refs/heads/main",
        "rev": "3fe36abd0a63b5e8a6bdacb6b3c439ffc3942417",
        "revCount": 13,
        "type": "git",
        "url": "https://github.com/kimseungsu-zzz/nixos-HNC2020"
      },
      "original": {
        "type": "git",
        "url": "https://github.com/kimseungsu-zzz/nixos-HNC2020"
      }
    },
    "hnc2020_2": {
      "inputs": {
        "nixpkgs": [
          "nix-packages",
          "nixpkgs"
        ],
        "nixpkgs-legacy": "nixpkgs-legacy_2"
      },
      "locked": {
        "lastModified": 1791191425,
        "narHash": "sha256-vkp6YtOUF2Sm1/u1mcJgKNJ38IyAdiy3GgSCqPh6bgs=",
        "ref": "refs/heads/main",
        "rev": "3e8a27e213cb2aba0e330a06df36a7f684466ef7",
        "revCount": 7,
        "type": "git",
        "url": "https://github.com/kimseungsu-zzz/nixos-HNC2020"
      },
      "original": {
        "type": "git",
        "url": "https://github.com/kimseungsu-zzz/nixos-HNC2020"
      }
    },
    "home-manager": {
      "inputs": {
        "nixpkgs": [
          "nixpkgs"
        ]
      },
      "locked": {
        "lastModified": 1790996401,
        "narHash": "sha256-f+kOxEmOUnQazVAmGg0i8hzwgd1kX/geY+k/Dpheye8=",
        "owner": "nix-community",
        "repo": "home-manager",
        "rev": "db7d5e2332710f5abb088f6b5de927d7f9511b35",
        "type": "github"
      },
      "original": {
        "owner": "nix-community",
        "ref": "release-26.05",
        "repo": "home-manager",
        "type": "github"
      }
    },
    "legacylauncher-src": {
      "flake": false,
      "locked": {
        "lastModified": 1778705256,
        "narHash": "sha256-hXVyco3+Va3EH4hRGKP4vXxFIKHocMO6wsdsqymKbxg=",
        "owner": "LegacyLauncher",
        "repo": "archive",
        "rev": "388a0dcd3f3935c5ad3ccb8debdf4937e8180bd0",
        "type": "github"
      },
      "original": {
        "owner": "LegacyLauncher",
        "repo": "archive",
        "rev": "388a0dcd3f3935c5ad3ccb8debdf4937e8180bd0",
        "type": "github"
      }
    },
    "legacylauncher-translations": {
      "flake": false,
      "locked": {
        "lastModified": 1777652683,
        "narHash": "sha256-ePDyiyYH6P4WU6XAJK9H6olIX5qu/lYzctkK2c9wnw8=",
        "owner": "LegacyLauncher",
        "repo": "translations",
        "rev": "cf80b9fb56b5a34dd6847aeb4fb2aa5430d80edd",
        "type": "github"
      },
      "original": {
        "owner": "LegacyLauncher",
        "repo": "translations",
        "rev": "cf80b9fb56b5a34dd6847aeb4fb2aa5430d80edd",
        "type": "github"
      }
    },
    "nix-packages": {
      "inputs": {
        "hnc2020": "hnc2020_2",
        "legacylauncher-src": "legacylauncher-src",
        "legacylauncher-translations": "legacylauncher-translations",
        "nixpkgs": [
          "nixpkgs"
        ]
      },
      "locked": {
        "lastModified": 1791596905,
        "narHash": "sha256-QGmhV43ZX74E09cvi7InJyy9c0hUNNk02c6fneSjo0o=",
        "ref": "refs/heads/main",
        "rev": "10a907b09758a3c3506f21e0e546ef5928c778c9",
        "revCount": 70,
        "type": "git",
        "url": "https://github.com/kimseungsu-zzz/nix-packages"
      },
      "original": {
        "type": "git",
        "url": "https://github.com/kimseungsu-zzz/nix-packages"
      }
    },
    "nixpkgs": {
      "locked": {
        "lastModified": 1782723713,
        "narHash": "sha256-oPXCU/SSUokcGaJREHibG1CBX3+s/W7orDWQOZDsEeQ=",
        "owner": "NixOS",
        "repo": "nixpkgs",
        "rev": "b5aa0fbd538984f6e3d201be0005b4463d8b09f8",
        "type": "github"
      },
      "original": {
        "owner": "NixOS",
        "ref": "nixos-unstable",
        "repo": "nixpkgs",
        "type": "github"
      }
    },
    "nixpkgs-legacy": {
      "flake": false,
      "locked": {
        "lastModified": 1600952148,
        "narHash": "sha256-GUKHrnng33luc6mUT3rDnZ3Hm+4MMEJpEchRIAQx7JQ=",
        "owner": "NixOS",
        "repo": "nixpkgs",
        "rev": "75f4ba05c63be3f147bcc2f7bd4ba1f029cedcb1",
        "type": "github"
      },
      "original": {
        "owner": "NixOS",
        "ref": "nixos-19.09",
        "repo": "nixpkgs",
        "type": "github"
      }
    },
    "nixpkgs-legacy_2": {
      "flake": false,
      "locked": {
        "lastModified": 1600952148,
        "narHash": "sha256-GUKHrnng33luc6mUT3rDnZ3Hm+4MMEJpEchRIAQx7JQ=",
        "owner": "NixOS",
        "repo": "nixpkgs",
        "rev": "75f4ba05c63be3f147bcc2f7bd4ba1f029cedcb1",
        "type": "github"
      },
      "original": {
        "owner": "NixOS",
        "ref": "nixos-19.09",
        "repo": "nixpkgs",
        "type": "github"
      }
    },
    "nixpkgs_2": {
      "locked": {
        "lastModified": 1772773019,
        "narHash": "sha256-E1bxHxNKfDoQUuvriG71+f+s/NT0qWkImXsYZNFFfCs=",
        "owner": "NixOS",
        "repo": "nixpkgs",
        "rev": "aca4d95fce4914b3892661bcb80b8087293536c6",
        "type": "github"
      },
      "original": {
        "owner": "NixOS",
        "ref": "nixos-unstable",
        "repo": "nixpkgs",
        "type": "github"
      }
    },
    "nixpkgs_3": {
      "locked": {
        "lastModified": 1791048980,
        "narHash": "sha256-KgItSKML8Xvte0B7/uGnBDsYzSnnKHcOaiUbgWBXLXw=",
        "owner": "NixOS",
        "repo": "nixpkgs",
        "rev": "a7868a727837f3c09cee2ce0ca671c76b1589fed",
        "type": "github"
      },
      "original": {
        "owner": "NixOS",
        "ref": "nixos-unstable",
        "repo": "nixpkgs",
        "type": "github"
      }
    },
    "nixpkgs_4": {
      "locked": {
        "lastModified": 1790870687,
        "narHash": "sha256-yNMwoLrMFI5dS7NZsrQAMBVyOXjQ5uXFDLHjh//OAK4=",
        "owner": "NixOS",
        "repo": "nixpkgs",
        "rev": "4feb8eb8bf30f323a8a5d285f14ee51d6a7197b1",
        "type": "github"
      },
      "original": {
        "owner": "NixOS",
        "ref": "nixos-26.05",
        "repo": "nixpkgs",
        "type": "github"
      }
    },
    "nixpkgs_5": {
      "locked": {
        "lastModified": 1790822859,
        "narHash": "sha256-VBA0QerzzmL+4wxgtwiCdiLwLpJg2/9xOxhgO3BRJQA=",
        "rev": "c59305bab2065cfecc4944690d9eedbb56f3a9fa",
        "type": "tarball",
        "url": "https://releases.nixos.org/nixos/unstable/nixos-26.11pre1083223.c59305bab206/nixexprs.tar.zst"
      },
      "original": {
        "type": "tarball",
        "url": "https://channels.nixos.org/nixos-unstable/nixexprs.tar.zst"
      }
    },
    "noctalia": {
      "inputs": {
        "nixpkgs": "nixpkgs_5"
      },
      "locked": {
        "lastModified": 1791249451,
        "narHash": "sha256-ucUgpRWCvXd17/29C1rPYliLTz8mdNeOvsSGdtBGMAY=",
        "owner": "noctalia-dev",
        "repo": "noctalia",
        "rev": "4237bc286bb9db7fec8ba663bfc42779af9b1372",
        "type": "github"
      },
      "original": {
        "owner": "noctalia-dev",
        "ref": "cachix",
        "repo": "noctalia",
        "type": "github"
      }
    },
    "root": {
      "inputs": {
        "claude-desktop": "claude-desktop",
        "codex-desktop-linux": "codex-desktop-linux",
        "hnc2020": "hnc2020",
        "home-manager": "home-manager",
        "nix-packages": "nix-packages",
        "nixpkgs": "nixpkgs_4",
        "noctalia": "noctalia",
        "zen-browser": "zen-browser"
      }
    },
    "systems": {
      "locked": {
        "lastModified": 1681028828,
        "narHash": "sha256-Vy1rq5AaRuLzOxct8nz4T6wlgyUR7zLU309k9mBC768=",
        "owner": "nix-systems",
        "repo": "default",
        "rev": "da67096a3b9bf56a91d16901293e51ba5b49a27e",
        "type": "github"
      },
      "original": {
        "owner": "nix-systems",
        "repo": "default",
        "type": "github"
      }
    },
    "zen-browser": {
      "inputs": {
        "home-manager": [
          "home-manager"
        ],
        "nixpkgs": [
          "nixpkgs"
        ]
      },
      "locked": {
        "lastModified": 1791244764,
        "narHash": "sha256-MgypulPlfyPB1muHGNLM+U8Xgac6ccmLHYCUuSSuEO0=",
        "owner": "0xc000022070",
        "repo": "zen-browser-flake",
        "rev": "45311c6e81a9a8eb223fb2c7896ec375c07d1995",
        "type": "github"
      },
      "original": {
        "owner": "0xc000022070",
        "repo": "zen-browser-flake",
        "type": "github"
      }
    }
  },
  "root": "root",
  "version": 7
}
